
Microsoft Visual Studio Solution File, Format Version 12.00
# Visual Studio 15
VisualStudioVersion = 15.0.26124.0
MinimumVisualStudioVersion = 15.0.26124.0
Project("{2150E333-8FDC-42A3-9474-1A3956D46DE8}") = "src", "src", "{F59DD46D-7352-4999-9807-4C9589E0388C}"
EndProject
Project("{FAE04EC0-301F-11D3-BF4B-00C04F79EFBC}") = "HepsiBurada.Simulator", "src\HepsiBurada.Simulator\HepsiBurada.Simulator.csproj", "{5549AB2A-8B6B-453A-8F58-17EC72834ACF}"
EndProject
Project("{FAE04EC0-301F-11D3-BF4B-00C04F79EFBC}") = "HepsiBurada", "src\HepsiBurada\HepsiBurada.csproj", "{0D94AF83-8C60-44A7-9E32-7BFD394AF9F7}"
EndProject
Project("{FAE04EC0-301F-11D3-BF4B-00C04F79EFBC}") = "HepsiBurada.Core", "src\HepsiBurada.Core\HepsiBurada.Core.csproj", "{A888F9B7-EF57-4F5C-BDA9-9E4937191572}"
EndProject
Project("{FAE04EC0-301F-11D3-BF4B-00C04F79EFBC}") = "HepsiBurada.Infrastructure", "src\HepsiBurada.Infrastructure\HepsiBurada.Infrastructure.csproj", "{6FFF7F09-B984-4B3B-8E29-A65F5D3841E4}"
EndProject
Project("{FAE04EC0-301F-11D3-BF4B-00C04F79EFBC}") = "HepsiBurada.Service", "src\HepsiBurada.Service\HepsiBurada.Service.csproj", "{171EE304-546E-4FE5-8A04-1AE678883B76}"
EndProject
Global
	GlobalSection(SolutionConfigurationPlatforms) = preSolution
		Debug|Any CPU = Debug|Any CPU
		Debug|x64 = Debug|x64
		Debug|x86 = Debug|x86
		Release|Any CPU = Release|Any CPU
		Release|x64 = Release|x64
		Release|x86 = Release|x86
	EndGlobalSection
	GlobalSection(SolutionProperties) = preSolution
		HideSolutionNode = FALSE
	EndGlobalSection
	GlobalSection(ProjectConfigurationPlatforms) = postSolution
		{5549AB2A-8B6B-453A-8F58-17EC72834ACF}.Debug|Any CPU.ActiveCfg = Debug|Any CPU
		{5549AB2A-8B6B-453A-8F58-17EC72834ACF}.Debug|Any CPU.Build.0 = Debug|Any CPU
		{5549AB2A-8B6B-453A-8F58-17EC72834ACF}.Debug|x64.ActiveCfg = Debug|Any CPU
		{5549AB2A-8B6B-453A-8F58-17EC72834ACF}.Debug|x64.Build.0 = Debug|Any CPU
		{5549AB2A-8B6B-453A-8F58-17EC72834ACF}.Debug|x86.ActiveCfg = Debug|Any CPU
		{5549AB2A-8B6B-453A-8F58-17EC72834ACF}.Debug|x86.Build.0 = Debug|Any CPU
		{5549AB2A-8B6B-453A-8F58-17EC72834ACF}.Release|Any CPU.ActiveCfg = Release|Any CPU
		{5549AB2A-8B6B-453A-8F58-17EC72834ACF}.Release|Any CPU.Build.0 = Release|Any CPU
		{5549AB2A-8B6B-453A-8F58-17EC72834ACF}.Release|x64.ActiveCfg = Release|Any CPU
		{5549AB2A-8B6B-453A-8F58-17EC72834ACF}.Release|x64.Build.0 = Release|Any CPU
		{5549AB2A-8B6B-453A-8F58-17EC72834ACF}.Release|x86.ActiveCfg = Release|Any CPU
		{5549AB2A-8B6B-453A-8F58-17EC72834ACF}.Release|x86.Build.0 = Release|Any CPU
		{0D94AF83-8C60-44A7-9E32-7BFD394AF9F7}.Debug|Any CPU.ActiveCfg = Debug|Any CPU
		{0D94AF83-8C60-44A7-9E32-7BFD394AF9F7}.Debug|Any CPU.Build.0 = Debug|Any CPU
		{0D94AF83-8C60-44A7-9E32-7BFD394AF9F7}.Debug|x64.ActiveCfg = Debug|Any CPU
		{0D94AF83-8C60-44A7-9E32-7BFD394AF9F7}.Debug|x64.Build.0 = Debug|Any CPU
		{0D94AF83-8C60-44A7-9E32-7BFD394AF9F7}.Debug|x86.ActiveCfg = Debug|Any CPU
		{0D94AF83-8C60-44A7-9E32-7BFD394AF9F7}.Debug|x86.Build.0 = Debug|Any CPU
		{0D94AF83-8C60-44A7-9E32-7BFD394AF9F7}.Release|Any CPU.ActiveCfg = Release|Any CPU
		{0D94AF83-8C60-44A7-9E32-7BFD394AF9F7}.Release|Any CPU.Build.0 = Release|Any CPU
		{0D94AF83-8C60-44A7-9E32-7BFD394AF9F7}.Release|x64.ActiveCfg = Release|Any CPU
		{0D94AF83-8C60-44A7-9E32-7BFD394AF9F7}.Release|x64.Build.0 = Release|Any CPU
		{0D94AF83-8C60-44A7-9E32-7BFD394AF9F7}.Release|x86.ActiveCfg = Release|Any CPU
		{0D94AF83-8C60-44A7-9E32-7BFD394AF9F7}.Release|x86.Build.0 = Release|Any CPU
		{A888F9B7-EF57-4F5C-BDA9-9E4937191572}.Debug|Any CPU.ActiveCfg = Debug|Any CPU
		{A888F9B7-EF57-4F5C-BDA9-9E4937191572}.Debug|Any CPU.Build.0 = Debug|Any CPU
		{A888F9B7-EF57-4F5C-BDA9-9E4937191572}.Debug|x64.ActiveCfg = Debug|Any CPU
		{A888F9B7-EF57-4F5C-BDA9-9E4937191572}.Debug|x64.Build.0 = Debug|Any CPU
		{A888F9B7-EF57-4F5C-BDA9-9E4937191572}.Debug|x86.ActiveCfg = Debug|Any CPU
		{A888F9B7-EF57-4F5C-BDA9-9E4937191572}.Debug|x86.Build.0 = Debug|Any CPU
		{A888F9B7-EF57-4F5C-BDA9-9E4937191572}.Release|Any CPU.ActiveCfg = Release|Any CPU
		{A888F9B7-EF57-4F5C-BDA9-9E4937191572}.Release|Any CPU.Build.0 = Release|Any CPU
		{A888F9B7-EF57-4F5C-BDA9-9E4937191572}.Release|x64.ActiveCfg = Release|Any CPU
		{A888F9B7-EF57-4F5C-BDA9-9E4937191572}.Release|x64.Build.0 = Release|Any CPU
		{A888F9B7-EF57-4F5C-BDA9-9E4937191572}.Release|x86.ActiveCfg = Release|Any CPU
		{A888F9B7-EF57-4F5C-BDA9-9E4937191572}.Release|x86.Build.0 = Release|Any CPU
		{6FFF7F09-B984-4B3B-8E29-A65F5D3841E4}.Debug|Any CPU.ActiveCfg = Debug|Any CPU
		{6FFF7F09-B984-4B3B-8E29-A65F5D3841E4}.Debug|Any CPU.Build.0 = Debug|Any CPU
		{6FFF7F09-B984-4B3B-8E29-A65F5D3841E4}.Debug|x64.ActiveCfg = Debug|Any CPU
		{6FFF7F09-B984-4B3B-8E29-A65F5D3841E4}.Debug|x64.Build.0 = Debug|Any CPU
		{6FFF7F09-B984-4B3B-8E29-A65F5D3841E4}.Debug|x86.ActiveCfg = Debug|Any CPU
		{6FFF7F09-B984-4B3B-8E29-A65F5D3841E4}.Debug|x86.Build.0 = Debug|Any CPU
		{6FFF7F09-B984-4B3B-8E29-A65F5D3841E4}.Release|Any CPU.ActiveCfg = Release|Any CPU
		{6FFF7F09-B984-4B3B-8E29-A65F5D3841E4}.Release|Any CPU.Build.0 = Release|Any CPU
		{6FFF7F09-B984-4B3B-8E29-A65F5D3841E4}.Release|x64.ActiveCfg = Release|Any CPU
		{6FFF7F09-B984-4B3B-8E29-A65F5D3841E4}.Release|x64.Build.0 = Release|Any CPU
		{6FFF7F09-B984-4B3B-8E29-A65F5D3841E4}.Release|x86.ActiveCfg = Release|Any CPU
		{6FFF7F09-B984-4B3B-8E29-A65F5D3841E4}.Release|x86.Build.0 = Release|Any CPU
		{171EE304-546E-4FE5-8A04-1AE678883B76}.Debug|Any CPU.ActiveCfg = Debug|Any CPU
		{171EE304-546E-4FE5-8A04-1AE678883B76}.Debug|Any CPU.Build.0 = Debug|Any CPU
		{171EE304-546E-4FE5-8A04-1AE678883B76}.Debug|x64.ActiveCfg = Debug|Any CPU
		{171EE304-546E-4FE5-8A04-1AE678883B76}.Debug|x64.Build.0 = Debug|Any CPU
		{171EE304-546E-4FE5-8A04-1AE678883B76}.Debug|x86.ActiveCfg = Debug|Any CPU
		{171EE304-546E-4FE5-8A04-1AE678883B76}.Debug|x86.Build.0 = Debug|Any CPU
		{171EE304-546E-4FE5-8A04-1AE678883B76}.Release|Any CPU.ActiveCfg = Release|Any CPU
		{171EE304-546E-4FE5-8A04-1AE678883B76}.Release|Any CPU.Build.0 = Release|Any CPU
		{171EE304-546E-4FE5-8A04-1AE678883B76}.Release|x64.ActiveCfg = Release|Any CPU
		{171EE304-546E-4FE5-8A04-1AE678883B76}.Release|x64.Build.0 = Release|Any CPU
		{171EE304-546E-4FE5-8A04-1AE678883B76}.Release|x86.ActiveCfg = Release|Any CPU
		{171EE304-546E-4FE5-8A04-1AE678883B76}.Release|x86.Build.0 = Release|Any CPU
	EndGlobalSection
	GlobalSection(NestedProjects) = preSolution
		{5549AB2A-8B6B-453A-8F58-17EC72834ACF} = {F59DD46D-7352-4999-9807-4C9589E0388C}
		{0D94AF83-8C60-44A7-9E32-7BFD394AF9F7} = {F59DD46D-7352-4999-9807-4C9589E0388C}
		{A888F9B7-EF57-4F5C-BDA9-9E4937191572} = {F59DD46D-7352-4999-9807-4C9589E0388C}
		{6FFF7F09-B984-4B3B-8E29-A65F5D3841E4} = {F59DD46D-7352-4999-9807-4C9589E0388C}
		{171EE304-546E-4FE5-8A04-1AE678883B76} = {F59DD46D-7352-4999-9807-4C9589E0388C}
	EndGlobalSection
EndGlobal
